
Microsoft Visual Studio Solution File, Format Version 12.00
# Visual Studio 15
VisualStudioVersion = 15.0.27130.2027
MinimumVisualStudioVersion = 10.0.40219.1
Project("{FAE04EC0-301F-11D3-BF4B-00C04F79EFBC}") = "vColorBackup", "vColorBackup\vColorBackup.csproj", "{50F1D59D-E705-4BCB-88DE-05708D1E7F89}"
EndProject
Global
	GlobalSection(SolutionConfigurationPlatforms) = preSolution
		Debug|Any CPU = Debug|Any CPU
		Release|Any CPU = Release|Any CPU
	EndGlobalSection
	GlobalSection(ProjectConfigurationPlatforms) = postSolution
		{50F1D59D-E705-4BCB-88DE-05708D1E7F89}.Debug|Any CPU.ActiveCfg = Debug|Any CPU
		{50F1D59D-E705-4BCB-88DE-05708D1E7F89}.Debug|Any CPU.Build.0 = Debug|Any CPU
		{50F1D59D-E705-4BCB-88DE-05708D1E7F89}.Release|Any CPU.ActiveCfg = Release|Any CPU
		{50F1D59D-E705-4BCB-88DE-05708D1E7F89}.Release|Any CPU.Build.0 = Release|Any CPU
	EndGlobalSection
	GlobalSection(SolutionProperties) = preSolution
		HideSolutionNode = FALSE
	EndGlobalSection
	GlobalSection(ExtensibilityGlobals) = postSolution
		SolutionGuid = {D0711838-BC52-4955-9FA8-0AB61E28110C}
	EndGlobalSection
EndGlobal
